
Microsoft Visual Studio Solution File, Format Version 12.00
# Visual Studio 15
VisualStudioVersion = 15.0.27703.2000
MinimumVisualStudioVersion = 10.0.40219.1
Project("{F184B08F-C81C-45F6-A57F-5ABD9991F28F}") = "QLGR_DTO", "QLGR_DTO\QLGR_DTO.vbproj", "{7EF1C5EB-D840-4031-B97A-5D434FBB6186}"
EndProject
Project("{F184B08F-C81C-45F6-A57F-5ABD9991F28F}") = "QLGR_DAL", "QLGR_DAL\QLGR_DAL.vbproj", "{85FA139C-2416-4DFE-89DE-39BECD41DF8E}"
EndProject
Project("{F184B08F-C81C-45F6-A57F-5ABD9991F28F}") = "QLGR_BUS", "QLGR_BUS\QLGR_BUS.vbproj", "{C2634F8C-C225-46FE-9FBC-566AE6D27A9A}"
EndProject
Project("{F184B08F-C81C-45F6-A57F-5ABD9991F28F}") = "Utility", "Utility\Utility.vbproj", "{AC9D408A-10A6-4E83-9944-4B2864C6BA53}"
EndProject
Project("{F184B08F-C81C-45F6-A57F-5ABD9991F28F}") = "QLGR_GUI", "QLGR_GUI\QLGR_GUI.vbproj", "{A6CCCBF8-9ED1-4632-993D-C559085CB78B}"
EndProject
Global
	GlobalSection(SolutionConfigurationPlatforms) = preSolution
		Debug|Any CPU = Debug|Any CPU
		Release|Any CPU = Release|Any CPU
	EndGlobalSection
	GlobalSection(ProjectConfigurationPlatforms) = postSolution
		{7EF1C5EB-D840-4031-B97A-5D434FBB6186}.Debug|Any CPU.ActiveCfg = Debug|Any CPU
		{7EF1C5EB-D840-4031-B97A-5D434FBB6186}.Debug|Any CPU.Build.0 = Debug|Any CPU
		{7EF1C5EB-D840-4031-B97A-5D434FBB6186}.Release|Any CPU.ActiveCfg = Release|Any CPU
		{7EF1C5EB-D840-4031-B97A-5D434FBB6186}.Release|Any CPU.Build.0 = Release|Any CPU
		{85FA139C-2416-4DFE-89DE-39BECD41DF8E}.Debug|Any CPU.ActiveCfg = Debug|Any CPU
		{85FA139C-2416-4DFE-89DE-39BECD41DF8E}.Debug|Any CPU.Build.0 = Debug|Any CPU
		{85FA139C-2416-4DFE-89DE-39BECD41DF8E}.Release|Any CPU.ActiveCfg = Release|Any CPU
		{85FA139C-2416-4DFE-89DE-39BECD41DF8E}.Release|Any CPU.Build.0 = Release|Any CPU
		{C2634F8C-C225-46FE-9FBC-566AE6D27A9A}.Debug|Any CPU.ActiveCfg = Debug|Any CPU
		{C2634F8C-C225-46FE-9FBC-566AE6D27A9A}.Debug|Any CPU.Build.0 = Debug|Any CPU
		{C2634F8C-C225-46FE-9FBC-566AE6D27A9A}.Release|Any CPU.ActiveCfg = Release|Any CPU
		{C2634F8C-C225-46FE-9FBC-566AE6D27A9A}.Release|Any CPU.Build.0 = Release|Any CPU
		{AC9D408A-10A6-4E83-9944-4B2864C6BA53}.Debug|Any CPU.ActiveCfg = Debug|Any CPU
		{AC9D408A-10A6-4E83-9944-4B2864C6BA53}.Debug|Any CPU.Build.0 = Debug|Any CPU
		{AC9D408A-10A6-4E83-9944-4B2864C6BA53}.Release|Any CPU.ActiveCfg = Release|Any CPU
		{AC9D408A-10A6-4E83-9944-4B2864C6BA53}.Release|Any CPU.Build.0 = Release|Any CPU
		{A6CCCBF8-9ED1-4632-993D-C559085CB78B}.Debug|Any CPU.ActiveCfg = Debug|Any CPU
		{A6CCCBF8-9ED1-4632-993D-C559085CB78B}.Debug|Any CPU.Build.0 = Debug|Any CPU
		{A6CCCBF8-9ED1-4632-993D-C559085CB78B}.Release|Any CPU.ActiveCfg = Release|Any CPU
		{A6CCCBF8-9ED1-4632-993D-C559085CB78B}.Release|Any CPU.Build.0 = Release|Any CPU
	EndGlobalSection
	GlobalSection(SolutionProperties) = preSolution
		HideSolutionNode = FALSE
	EndGlobalSection
	GlobalSection(ExtensibilityGlobals) = postSolution
		SolutionGuid = {12117EAE-3C10-4201-A0F8-99ADAAB295C6}
	EndGlobalSection
EndGlobal
